// !$*UTF8*$!
{
	archiveVersion = 1;
	classes = {
	};
	objectVersion = 77;
	objects = {

/* Begin PBXBuildFile section */
		4C5B1D2B3009D20700BE89E8 /* Storkit.storekit in Resources */ = {isa = PBXBuildFile; fileRef = 4C5B1D2A3009D20700BE89E8 /* Storkit.storekit */; };
		4C5B1D2C3009D20700BE89E8 /* Storkit.storekit in Resources */ = {isa = PBXBuildFile; fileRef = 4C5B1D2A3009D20700BE89E8 /* Storkit.storekit */; };
		4C5B1D2D3009D20700BE89E8 /* Storkit.storekit in Resources */ = {isa = PBXBuildFile; fileRef = 4C5B1D2A3009D20700BE89E8 /* Storkit.storekit */; };
/* End PBXBuildFile section */

/* Begin PBXContainerItemProxy section */
		4C8E8BD72F67D4D700202F95 /* PBXContainerItemProxy */ = {
			isa = PBXContainerItemProxy;
			containerPortal = 4C8E8BB92F67D4D400202F95 /* Project object */;
			proxyType = 1;
			remoteGlobalIDString = 4C8E8BC02F67D4D400202F95;
			remoteInfo = fm;
		};
		4C8E8BE12F67D4D700202F95 /* PBXContainerItemProxy */ = {
			isa = PBXContainerItemProxy;
			containerPortal = 4C8E8BB92F67D4D400202F95 /* Project object */;
			proxyType = 1;
			remoteGlobalIDString = 4C8E8BC02F67D4D400202F95;
			remoteInfo = fm;
		};
/* End PBXContainerItemProxy section */

/* Begin PBXFileReference section */
		4C5B1D2A3009D20700BE89E8 /* Storkit.storekit */ = {isa = PBXFileReference; lastKnownFileType = text; path = Storkit.storekit; sourceTree = "<group>"; };
		4C8E8BC12F67D4D400202F95 /* fm.app */ = {isa = PBXFileReference; explicitFileType = wrapper.application; includeInIndex = 0; path = fm.app; sourceTree = BUILT_PRODUCTS_DIR; };
		4C8E8BD62F67D4D700202F95 /* fmTests.xctest */ = {isa = PBXFileReference; explicitFileType = wrapper.cfbundle; includeInIndex = 0; path = fmTests.xctest; sourceTree = BUILT_PRODUCTS_DIR; };
		4C8E8BE02F67D4D700202F95 /* fmUITests.xctest */ = {isa = PBXFileReference; explicitFileType = wrapper.cfbundle; includeInIndex = 0; path = fmUITests.xctest; sourceTree = BUILT_PRODUCTS_DIR; };
/* End PBXFileReference section */

/* Begin PBXFileSystemSynchronizedBuildFileExceptionSet section */
		4C8E8BE82F67D4D700202F95 /* Exceptions for "fm" folder in "fm" target */ = {
			isa = PBXFileSystemSynchronizedBuildFileExceptionSet;
			membershipExceptions = (
				Info.plist,
			);
			target = 4C8E8BC02F67D4D400202F95 /* fm */;
		};
/* End PBXFileSystemSynchronizedBuildFileExceptionSet section */

/* Begin PBXFileSystemSynchronizedRootGroup section */
		4C8E8BC32F67D4D400202F95 /* fm */ = {
			isa = PBXFileSystemSynchronizedRootGroup;
			exceptions = (
				4C8E8BE82F67D4D700202F95 /* Exceptions for "fm" folder in "fm" target */,
			);
			path = fm;
			sourceTree = "<group>";
		};
		4C8E8BD92F67D4D700202F95 /* fmTests */ = {
			isa = PBXFileSystemSynchronizedRootGroup;
			path = fmTests;
			sourceTree = "<group>";
		};
		4C8E8BE32F67D4D700202F95 /* fmUITests */ = {
			isa = PBXFileSystemSynchronizedRootGroup;
			path = fmUITests;
			sourceTree = "<group>";
		};
/* End PBXFileSystemSynchronizedRootGroup section */

/* Begin PBXFrameworksBuildPhase section */
		4C8E8BBE2F67D4D400202F95 /* Frameworks */ = {
			isa = PBXFrameworksBuildPhase;
			buildActionMask = 2147483647;
			files = (
			);
			runOnlyForDeploymentPostprocessing = 0;
		};
		4C8E8BD32F67D4D700202F95 /* Frameworks */ = {
			isa = PBXFrameworksBuildPhase;
			buildActionMask = 2147483647;
			files = (
			);
			runOnlyForDeploymentPostprocessing = 0;
		};
		4C8E8BDD2F67D4D700202F95 /* Frameworks */ = {
			isa = PBXFrameworksBuildPhase;
			buildActionMask = 2147483647;
			files = (
			);
			runOnlyForDeploymentPostprocessing = 0;
		};
/* End PBXFrameworksBuildPhase section */

/* Begin PBXGroup section */
		4C8E8BB82F67D4D400202F95 = {
			isa = PBXGroup;
			children = (
				4C5B1D2A3009D20700BE89E8 /* Storkit.storekit */,
				4C8E8BC32F67D4D400202F95 /* fm */,
				4C8E8BD92F67D4D700202F95 /* fmTests */,
				4C8E8BE32F67D4D700202F95 /* fmUITests */,
				4C8E8BC22F67D4D400202F95 /* Products */,
			);
			sourceTree = "<group>";
		};
		4C8E8BC22F67D4D400202F95 /* Products */ = {
			isa = PBXGroup;
			children = (
				4C8E8BC12F67D4D400202F95 /* fm.app */,
				4C8E8BD62F67D4D700202F95 /* fmTests.xctest */,
				4C8E8BE02F67D4D700202F95 /* fmUITests.xctest */,
			);
			name = Products;
			sourceTree = "<group>";
		};
/* End PBXGroup section */

/* Begin PBXNativeTarget section */
		4C8E8BC02F67D4D400202F95 /* fm */ = {
			isa = PBXNativeTarget;
			buildConfigurationList = 4C8E8BE92F67D4D700202F95 /* Build configuration list for PBXNativeTarget "fm" */;
			buildPhases = (
				4C8E8BBD2F67D4D400202F95 /* Sources */,
				4C8E8BBE2F67D4D400202F95 /* Frameworks */,
				4C8E8BBF2F67D4D400202F95 /* Resources */,
			);
			buildRules = (
			);
			dependencies = (
			);
			fileSystemSynchronizedGroups = (
				4C8E8BC32F67D4D400202F95 /* fm */,
			);
			name = fm;
			packageProductDependencies = (
			);
			productName = fm;
			productReference = 4C8E8BC12F67D4D400202F95 /* fm.app */;
			productType = "com.apple.product-type.application";
		};
		4C8E8BD52F67D4D700202F95 /* fmTests */ = {
			isa = PBXNativeTarget;
			buildConfigurationList = 4C8E8BEE2F67D4D700202F95 /* Build configuration list for PBXNativeTarget "fmTests" */;
			buildPhases = (
				4C8E8BD22F67D4D700202F95 /* Sources */,
				4C8E8BD32F67D4D700202F95 /* Frameworks */,
				4C8E8BD42F67D4D700202F95 /* Resources */,
			);
			buildRules = (
			);
			dependencies = (
				4C8E8BD82F67D4D700202F95 /* PBXTargetDependency */,
			);
			fileSystemSynchronizedGroups = (
				4C8E8BD92F67D4D700202F95 /* fmTests */,
			);
			name = fmTests;
			packageProductDependencies = (
			);
			productName = fmTests;
			productReference = 4C8E8BD62F67D4D700202F95 /* fmTests.xctest */;
			productType = "com.apple.product-type.bundle.unit-test";
		};
		4C8E8BDF2F67D4D700202F95 /* fmUITests */ = {
			isa = PBXNativeTarget;
			buildConfigurationList = 4C8E8BF12F67D4D700202F95 /* Build configuration list for PBXNativeTarget "fmUITests" */;
			buildPhases = (
				4C8E8BDC2F67D4D700202F95 /* Sources */,
				4C8E8BDD2F67D4D700202F95 /* Frameworks */,
				4C8E8BDE2F67D4D700202F95 /* Resources */,
			);
			buildRules = (
			);
			dependencies = (
				4C8E8BE22F67D4D700202F95 /* PBXTargetDependency */,
			);
			fileSystemSynchronizedGroups = (
				4C8E8BE32F67D4D700202F95 /* fmUITests */,
			);
			name = fmUITests;
			packageProductDependencies = (
			);
			productName = fmUITests;
			productReference = 4C8E8BE02F67D4D700202F95 /* fmUITests.xctest */;
			productType = "com.apple.product-type.bundle.ui-testing";
		};
/* End PBXNativeTarget section */

/* Begin PBXProject section */
		4C8E8BB92F67D4D400202F95 /* Project object */ = {
			isa = PBXProject;
			attributes = {
				BuildIndependentTargetsInParallel = 1;
				LastSwiftUpdateCheck = 2630;
				LastUpgradeCheck = 2650;
				TargetAttributes = {
					4C8E8BC02F67D4D400202F95 = {
						CreatedOnToolsVersion = 26.3;
					};
					4C8E8BD52F67D4D700202F95 = {
						CreatedOnToolsVersion = 26.3;
						TestTargetID = 4C8E8BC02F67D4D400202F95;
					};
					4C8E8BDF2F67D4D700202F95 = {
						CreatedOnToolsVersion = 26.3;
						TestTargetID = 4C8E8BC02F67D4D400202F95;
					};
				};
			};
			buildConfigurationList = 4C8E8BBC2F67D4D400202F95 /* Build configuration list for PBXProject "fm" */;
			developmentRegion = en;
			hasScannedForEncodings = 0;
			knownRegions = (
				en,
				Base,
			);
			mainGroup = 4C8E8BB82F67D4D400202F95;
			minimizedProjectReferenceProxies = 1;
			preferredProjectObjectVersion = 77;
			productRefGroup = 4C8E8BC22F67D4D400202F95 /* Products */;
			projectDirPath = "";
			projectRoot = "";
			targets = (
				4C8E8BC02F67D4D400202F95 /* fm */,
				4C8E8BD52F67D4D700202F95 /* fmTests */,
				4C8E8BDF2F67D4D700202F95 /* fmUITests */,
			);
		};
/* End PBXProject section */

/* Begin PBXResourcesBuildPhase section */
		4C8E8BBF2F67D4D400202F95 /* Resources */ = {
			isa = PBXResourcesBuildPhase;
			buildActionMask = 2147483647;
			files = (
				4C5B1D2B3009D20700BE89E8 /* Storkit.storekit in Resources */,
			);
			runOnlyForDeploymentPostprocessing = 0;
		};
		4C8E8BD42F67D4D700202F95 /* Resources */ = {
			isa = PBXResourcesBuildPhase;
			buildActionMask = 2147483647;
			files = (
				4C5B1D2C3009D20700BE89E8 /* Storkit.storekit in Resources */,
			);
			runOnlyForDeploymentPostprocessing = 0;
		};
		4C8E8BDE2F67D4D700202F95 /* Resources */ = {
			isa = PBXResourcesBuildPhase;
			buildActionMask = 2147483647;
			files = (
				4C5B1D2D3009D20700BE89E8 /* Storkit.storekit in Resources */,
			);
			runOnlyForDeploymentPostprocessing = 0;
		};
/* End PBXResourcesBuildPhase section */

/* Begin PBXSourcesBuildPhase section */
		4C8E8BBD2F67D4D400202F95 /* Sources */ = {
			isa = PBXSourcesBuildPhase;
			buildActionMask = 2147483647;
			files = (
			);
			runOnlyForDeploymentPostprocessing = 0;
		};
		4C8E8BD22F67D4D700202F95 /* Sources */ = {
			isa = PBXSourcesBuildPhase;
			buildActionMask = 2147483647;
			files = (
			);
			runOnlyForDeploymentPostprocessing = 0;
		};
		4C8E8BDC2F67D4D700202F95 /* Sources */ = {
			isa = PBXSourcesBuildPhase;
			buildActionMask = 2147483647;
			files = (
			);
			runOnlyForDeploymentPostprocessing = 0;
		};
/* End PBXSourcesBuildPhase section */

/* Begin PBXTargetDependency section */
		4C8E8BD82F67D4D700202F95 /* PBXTargetDependency */ = {
			isa = PBXTargetDependency;
			target = 4C8E8BC02F67D4D400202F95 /* fm */;
			targetProxy = 4C8E8BD72F67D4D700202F95 /* PBXContainerItemProxy */;
		};
		4C8E8BE22F67D4D700202F95 /* PBXTargetDependency */ = {
			isa = PBXTargetDependency;
			target = 4C8E8BC02F67D4D400202F95 /* fm */;
			targetProxy = 4C8E8BE12F67D4D700202F95 /* PBXContainerItemProxy */;
		};
/* End PBXTargetDependency section */

/* Begin XCBuildConfiguration section */
		4C8E8BEA2F67D4D700202F95 /* Debug */ = {
			isa = XCBuildConfiguration;
			buildSettings = {
				ASSETCATALOG_COMPILER_APPICON_NAME = AppIcon;
				ASSETCATALOG_COMPILER_GLOBAL_ACCENT_COLOR_NAME = AccentColor;
				ASSETCATALOG_COMPILER_INCLUDE_ALL_APPICON_ASSETS = YES;
				CODE_SIGN_STYLE = Automatic;
				CURRENT_PROJECT_VERSION = 2;
				DEVELOPMENT_TEAM = 38TW2AKHTL;
				GENERATE_INFOPLIST_FILE = YES;
				INFOPLIST_FILE = fm/Info.plist;
				INFOPLIST_KEY_UIApplicationSupportsIndirectInputEvents = YES;
				INFOPLIST_KEY_UILaunchStoryboardName = LaunchScreen;
				INFOPLIST_KEY_UISupportedInterfaceOrientations_iPad = "UIInterfaceOrientationPortrait UIInterfaceOrientationPortraitUpsideDown UIInterfaceOrientationLandscapeLeft UIInterfaceOrientationLandscapeRight";
				INFOPLIST_KEY_UISupportedInterfaceOrientations_iPhone = "UIInterfaceOrientationPortrait UIInterfaceOrientationLandscapeLeft UIInterfaceOrientationLandscapeRight";
				INFOPLIST_KEY_UISupportsDocumentBrowser = YES;
				LD_RUNPATH_SEARCH_PATHS = (
					"$(inherited)",
					"@executable_path/Frameworks",
				);
				MARKETING_VERSION = 1.0.1;
				PRODUCT_BUNDLE_IDENTIFIER = app.fm;
				PRODUCT_NAME = "$(TARGET_NAME)";
				STRING_CATALOG_GENERATE_SYMBOLS = YES;
				SWIFT_APPROACHABLE_CONCURRENCY = YES;
				SWIFT_DEFAULT_ACTOR_ISOLATION = MainActor;
				SWIFT_EMIT_LOC_STRINGS = YES;
				SWIFT_UPCOMING_FEATURE_MEMBER_IMPORT_VISIBILITY = YES;
				SWIFT_VERSION = 5.0;
				TARGETED_DEVICE_FAMILY = "1,2";
			};
			name = Debug;
		};
		4C8E8BEB2F67D4D700202F95 /* Release */ = {
			isa = XCBuildConfiguration;
			buildSettings = {
				ASSETCATALOG_COMPILER_APPICON_NAME = AppIcon;
				ASSETCATALOG_COMPILER_GLOBAL_ACCENT_COLOR_NAME = AccentColor;
				ASSETCATALOG_COMPILER_INCLUDE_ALL_APPICON_ASSETS = YES;
				CODE_SIGN_STYLE = Automatic;
				CURRENT_PROJECT_VERSION = 2;
				DEVELOPMENT_TEAM = 38TW2AKHTL;
				GENERATE_INFOPLIST_FILE = YES;
				INFOPLIST_FILE = fm/Info.plist;
				INFOPLIST_KEY_UIApplicationSupportsIndirectInputEvents = YES;
				INFOPLIST_KEY_UILaunchStoryboardName = LaunchScreen;
				INFOPLIST_KEY_UISupportedInterfaceOrientations_iPad = "UIInterfaceOrientationPortrait UIInterfaceOrientationPortraitUpsideDown UIInterfaceOrientationLandscapeLeft UIInterfaceOrientationLandscapeRight";
				INFOPLIST_KEY_UISupportedInterfaceOrientations_iPhone = "UIInterfaceOrientationPortrait UIInterfaceOrientationLandscapeLeft UIInterfaceOrientationLandscapeRight";
				INFOPLIST_KEY_UISupportsDocumentBrowser = YES;
				LD_RUNPATH_SEARCH_PATHS = (
					"$(inherited)",
					"@executable_path/Frameworks",
				);
				MARKETING_VERSION = 1.0.1;
				PRODUCT_BUNDLE_IDENTIFIER = app.fm;
				PRODUCT_NAME = "$(TARGET_NAME)";
				STRING_CATALOG_GENERATE_SYMBOLS = YES;
				SWIFT_APPROACHABLE_CONCURRENCY = YES;
				SWIFT_DEFAULT_ACTOR_ISOLATION = MainActor;
				SWIFT_EMIT_LOC_STRINGS = YES;
				SWIFT_UPCOMING_FEATURE_MEMBER_IMPORT_VISIBILITY = YES;
				SWIFT_VERSION = 5.0;
				TARGETED_DEVICE_FAMILY = "1,2";
			};
			name = Release;
		};
		4C8E8BEC2F67D4D700202F95 /* Debug */ = {
			isa = XCBuildConfiguration;
			buildSettings = {
				ALWAYS_SEARCH_USER_PATHS = NO;
				ASSETCATALOG_COMPILER_GENERATE_SWIFT_ASSET_SYMBOL_EXTENSIONS = YES;
				CLANG_ANALYZER_NONNULL = YES;
				CLANG_ANALYZER_NUMBER_OBJECT_CONVERSION = YES_AGGRESSIVE;
				CLANG_CXX_LANGUAGE_STANDARD = "gnu++20";
				CLANG_ENABLE_MODULES = YES;
				CLANG_ENABLE_OBJC_ARC = YES;
				CLANG_ENABLE_OBJC_WEAK = YES;
				CLANG_WARN_BLOCK_CAPTURE_AUTORELEASING = YES;
				CLANG_WARN_BOOL_CONVERSION = YES;
				CLANG_WARN_COMMA = YES;
				CLANG_WARN_CONSTANT_CONVERSION = YES;
				CLANG_WARN_DEPRECATED_OBJC_IMPLEMENTATIONS = YES;
				CLANG_WARN_DIRECT_OBJC_ISA_USAGE = YES_ERROR;
				CLANG_WARN_DOCUMENTATION_COMMENTS = YES;
				CLANG_WARN_EMPTY_BODY = YES;
				CLANG_WARN_ENUM_CONVERSION = YES;
				CLANG_WARN_INFINITE_RECURSION = YES;
				CLANG_WARN_INT_CONVERSION = YES;
				CLANG_WARN_NON_LITERAL_NULL_CONVERSION = YES;
				CLANG_WARN_OBJC_IMPLICIT_RETAIN_SELF = YES;
				CLANG_WARN_OBJC_LITERAL_CONVERSION = YES;
				CLANG_WARN_OBJC_ROOT_CLASS = YES_ERROR;
				CLANG_WARN_QUOTED_INCLUDE_IN_FRAMEWORK_HEADER = YES;
				CLANG_WARN_RANGE_LOOP_ANALYSIS = YES;
				CLANG_WARN_STRICT_PROTOTYPES = YES;
				CLANG_WARN_SUSPICIOUS_MOVE = YES;
				CLANG_WARN_UNGUARDED_AVAILABILITY = YES_AGGRESSIVE;
				CLANG_WARN_UNREACHABLE_CODE = YES;
				CLANG_WARN__DUPLICATE_METHOD_MATCH = YES;
				COPY_PHASE_STRIP = NO;
				DEBUG_INFORMATION_FORMAT = dwarf;
				DEVELOPMENT_TEAM = 38TW2AKHTL;
				ENABLE_STRICT_OBJC_MSGSEND = YES;
				ENABLE_TESTABILITY = YES;
				ENABLE_USER_SCRIPT_SANDBOXING = YES;
				GCC_C_LANGUAGE_STANDARD = gnu17;
				GCC_DYNAMIC_NO_PIC = NO;
				GCC_NO_COMMON_BLOCKS = YES;
				GCC_OPTIMIZATION_LEVEL = 0;
				GCC_PREPROCESSOR_DEFINITIONS = (
					"DEBUG=1",
					"$(inherited)",
				);
				GCC_WARN_64_TO_32_BIT_CONVERSION = YES;
				GCC_WARN_ABOUT_RETURN_TYPE = YES_ERROR;
				GCC_WARN_UNDECLARED_SELECTOR = YES;
				GCC_WARN_UNINITIALIZED_AUTOS = YES_AGGRESSIVE;
				GCC_WARN_UNUSED_FUNCTION = YES;
				GCC_WARN_UNUSED_VARIABLE = YES;
				IPHONEOS_DEPLOYMENT_TARGET = 26.2;
				LOCALIZATION_PREFERS_STRING_CATALOGS = YES;
				MTL_ENABLE_DEBUG_INFO = INCLUDE_SOURCE;
				MTL_FAST_MATH = YES;
				ONLY_ACTIVE_ARCH = YES;
				SDKROOT = iphoneos;
				STRING_CATALOG_GENERATE_SYMBOLS = YES;
				SWIFT_ACTIVE_COMPILATION_CONDITIONS = "DEBUG $(inherited)";
				SWIFT_OPTIMIZATION_LEVEL = "-Onone";
			};
			name = Debug;
		};
		4C8E8BED2F67D4D700202F95 /* Release */ = {
			isa = XCBuildConfiguration;
			buildSettings = {
				ALWAYS_SEARCH_USER_PATHS = NO;
				ASSETCATALOG_COMPILER_GENERATE_SWIFT_ASSET_SYMBOL_EXTENSIONS = YES;
				CLANG_ANALYZER_NONNULL = YES;
				CLANG_ANALYZER_NUMBER_OBJECT_CONVERSION = YES_AGGRESSIVE;
				CLANG_CXX_LANGUAGE_STANDARD = "gnu++20";
				CLANG_ENABLE_MODULES = YES;
				CLANG_ENABLE_OBJC_ARC = YES;
				CLANG_ENABLE_OBJC_WEAK = YES;
				CLANG_WARN_BLOCK_CAPTURE_AUTORELEASING = YES;
				CLANG_WARN_BOOL_CONVERSION = YES;
				CLANG_WARN_COMMA = YES;
				CLANG_WARN_CONSTANT_CONVERSION = YES;
				CLANG_WARN_DEPRECATED_OBJC_IMPLEMENTATIONS = YES;
				CLANG_WARN_DIRECT_OBJC_ISA_USAGE = YES_ERROR;
				CLANG_WARN_DOCUMENTATION_COMMENTS = YES;
				CLANG_WARN_EMPTY_BODY = YES;
				CLANG_WARN_ENUM_CONVERSION = YES;
				CLANG_WARN_INFINITE_RECURSION = YES;
				CLANG_WARN_INT_CONVERSION = YES;
				CLANG_WARN_NON_LITERAL_NULL_CONVERSION = YES;
				CLANG_WARN_OBJC_IMPLICIT_RETAIN_SELF = YES;
				CLANG_WARN_OBJC_LITERAL_CONVERSION = YES;
				CLANG_WARN_OBJC_ROOT_CLASS = YES_ERROR;
				CLANG_WARN_QUOTED_INCLUDE_IN_FRAMEWORK_HEADER = YES;
				CLANG_WARN_RANGE_LOOP_ANALYSIS = YES;
				CLANG_WARN_STRICT_PROTOTYPES = YES;
				CLANG_WARN_SUSPICIOUS_MOVE = YES;
				CLANG_WARN_UNGUARDED_AVAILABILITY = YES_AGGRESSIVE;
				CLANG_WARN_UNREACHABLE_CODE = YES;
				CLANG_WARN__DUPLICATE_METHOD_MATCH = YES;
				COPY_PHASE_STRIP = NO;
				DEBUG_INFORMATION_FORMAT = "dwarf-with-dsym";
				DEVELOPMENT_TEAM = 38TW2AKHTL;
				ENABLE_NS_ASSERTIONS = NO;
				ENABLE_STRICT_OBJC_MSGSEND = YES;
				ENABLE_USER_SCRIPT_SANDBOXING = YES;
				GCC_C_LANGUAGE_STANDARD = gnu17;
				GCC_NO_COMMON_BLOCKS = YES;
				GCC_WARN_64_TO_32_BIT_CONVERSION = YES;
				GCC_WARN_ABOUT_RETURN_TYPE = YES_ERROR;
				GCC_WARN_UNDECLARED_SELECTOR = YES;
				GCC_WARN_UNINITIALIZED_AUTOS = YES_AGGRESSIVE;
				GCC_WARN_UNUSED_FUNCTION = YES;
				GCC_WARN_UNUSED_VARIABLE = YES;
				IPHONEOS_DEPLOYMENT_TARGET = 26.2;
				LOCALIZATION_PREFERS_STRING_CATALOGS = YES;
				MTL_ENABLE_DEBUG_INFO = NO;
				MTL_FAST_MATH = YES;
				SDKROOT = iphoneos;
				STRING_CATALOG_GENERATE_SYMBOLS = YES;
				SWIFT_COMPILATION_MODE = wholemodule;
				VALIDATE_PRODUCT = YES;
			};
			name = Release;
		};
		4C8E8BEF2F67D4D700202F95 /* Debug */ = {
			isa = XCBuildConfiguration;
			buildSettings = {
				BUNDLE_LOADER = "$(TEST_HOST)";
				CODE_SIGN_STYLE = Automatic;
				CURRENT_PROJECT_VERSION = 1;
				DEVELOPMENT_TEAM = 38TW2AKHTL;
				GENERATE_INFOPLIST_FILE = YES;
				IPHONEOS_DEPLOYMENT_TARGET = 26.2;
				MARKETING_VERSION = 1.0;
				PRODUCT_BUNDLE_IDENTIFIER = app.fmTests;
				PRODUCT_NAME = "$(TARGET_NAME)";
				STRING_CATALOG_GENERATE_SYMBOLS = NO;
				SWIFT_APPROACHABLE_CONCURRENCY = YES;
				SWIFT_DEFAULT_ACTOR_ISOLATION = MainActor;
				SWIFT_EMIT_LOC_STRINGS = NO;
				SWIFT_UPCOMING_FEATURE_MEMBER_IMPORT_VISIBILITY = YES;
				SWIFT_VERSION = 5.0;
				TARGETED_DEVICE_FAMILY = "1,2";
				TEST_HOST = "$(BUILT_PRODUCTS_DIR)/fm.app/$(BUNDLE_EXECUTABLE_FOLDER_PATH)/fm";
			};
			name = Debug;
		};
		4C8E8BF02F67D4D700202F95 /* Release */ = {
			isa = XCBuildConfiguration;
			buildSettings = {
				BUNDLE_LOADER = "$(TEST_HOST)";
				CODE_SIGN_STYLE = Automatic;
				CURRENT_PROJECT_VERSION = 1;
				DEVELOPMENT_TEAM = 38TW2AKHTL;
				GENERATE_INFOPLIST_FILE = YES;
				IPHONEOS_DEPLOYMENT_TARGET = 26.2;
				MARKETING_VERSION = 1.0;
				PRODUCT_BUNDLE_IDENTIFIER = app.fmTests;
				PRODUCT_NAME = "$(TARGET_NAME)";
				STRING_CATALOG_GENERATE_SYMBOLS = NO;
				SWIFT_APPROACHABLE_CONCURRENCY = YES;
				SWIFT_DEFAULT_ACTOR_ISOLATION = MainActor;
				SWIFT_EMIT_LOC_STRINGS = NO;
				SWIFT_UPCOMING_FEATURE_MEMBER_IMPORT_VISIBILITY = YES;
				SWIFT_VERSION = 5.0;
				TARGETED_DEVICE_FAMILY = "1,2";
				TEST_HOST = "$(BUILT_PRODUCTS_DIR)/fm.app/$(BUNDLE_EXECUTABLE_FOLDER_PATH)/fm";
			};
			name = Release;
		};
		4C8E8BF22F67D4D700202F95 /* Debug */ = {
			isa = XCBuildConfiguration;
			buildSettings = {
				CODE_SIGN_STYLE = Automatic;
				CURRENT_PROJECT_VERSION = 1;
				DEVELOPMENT_TEAM = 38TW2AKHTL;
				GENERATE_INFOPLIST_FILE = YES;
				INFOPLIST_KEY_LSApplicationCategoryType = "";
				MARKETING_VERSION = 1.0;
				PRODUCT_BUNDLE_IDENTIFIER = app.fmUITests;
				PRODUCT_NAME = "$(TARGET_NAME)";
				STRING_CATALOG_GENERATE_SYMBOLS = NO;
				SWIFT_APPROACHABLE_CONCURRENCY = YES;
				SWIFT_EMIT_LOC_STRINGS = NO;
				SWIFT_UPCOMING_FEATURE_MEMBER_IMPORT_VISIBILITY = YES;
				SWIFT_VERSION = 5.0;
				TARGETED_DEVICE_FAMILY = "1,2";
				TEST_TARGET_NAME = fm;
			};
			name = Debug;
		};
		4C8E8BF32F67D4D700202F95 /* Release */ = {
			isa = XCBuildConfiguration;
			buildSettings = {
				CODE_SIGN_STYLE = Automatic;
				CURRENT_PROJECT_VERSION = 1;
				DEVELOPMENT_TEAM = 38TW2AKHTL;
				GENERATE_INFOPLIST_FILE = YES;
				INFOPLIST_KEY_LSApplicationCategoryType = "";
				MARKETING_VERSION = 1.0;
				PRODUCT_BUNDLE_IDENTIFIER = app.fmUITests;
				PRODUCT_NAME = "$(TARGET_NAME)";
				STRING_CATALOG_GENERATE_SYMBOLS = NO;
				SWIFT_APPROACHABLE_CONCURRENCY = YES;
				SWIFT_EMIT_LOC_STRINGS = NO;
				SWIFT_UPCOMING_FEATURE_MEMBER_IMPORT_VISIBILITY = YES;
				SWIFT_VERSION = 5.0;
				TARGETED_DEVICE_FAMILY = "1,2";
				TEST_TARGET_NAME = fm;
			};
			name = Release;
		};
/* End XCBuildConfiguration section */

/* Begin XCConfigurationList section */
		4C8E8BBC2F67D4D400202F95 /* Build configuration list for PBXProject "fm" */ = {
			isa = XCConfigurationList;
			buildConfigurations = (
				4C8E8BEC2F67D4D700202F95 /* Debug */,
				4C8E8BED2F67D4D700202F95 /* Release */,
			);
			defaultConfigurationIsVisible = 0;
			defaultConfigurationName = Release;
		};
		4C8E8BE92F67D4D700202F95 /* Build configuration list for PBXNativeTarget "fm" */ = {
			isa = XCConfigurationList;
			buildConfigurations = (
				4C8E8BEA2F67D4D700202F95 /* Debug */,
				4C8E8BEB2F67D4D700202F95 /* Release */,
			);
			defaultConfigurationIsVisible = 0;
			defaultConfigurationName = Release;
		};
		4C8E8BEE2F67D4D700202F95 /* Build configuration list for PBXNativeTarget "fmTests" */ = {
			isa = XCConfigurationList;
			buildConfigurations = (
				4C8E8BEF2F67D4D700202F95 /* Debug */,
				4C8E8BF02F67D4D700202F95 /* Release */,
			);
			defaultConfigurationIsVisible = 0;
			defaultConfigurationName = Release;
		};
		4C8E8BF12F67D4D700202F95 /* Build configuration list for PBXNativeTarget "fmUITests" */ = {
			isa = XCConfigurationList;
			buildConfigurations = (
				4C8E8BF22F67D4D700202F95 /* Debug */,
				4C8E8BF32F67D4D700202F95 /* Release */,
			);
			defaultConfigurationIsVisible = 0;
			defaultConfigurationName = Release;
		};
/* End XCConfigurationList section */
	};
	rootObject = 4C8E8BB92F67D4D400202F95 /* Project object */;
}
